
Microsoft Visual Studio Solution File, Format Version 12.00
# Visual Studio Version 17
VisualStudioVersion = 17.9.34607.119
MinimumVisualStudioVersion = 10.0.40219.1
Project("{2150E333-8FDC-42A3-9474-1A3956D46DE8}") = "00-Utils", "00-Utils", "{FC76C54A-7B75-40CF-AD0E-177A80CC3A7C}"
EndProject
Project("{9A19103F-16F7-4668-BE54-9A1E7A4F7556}") = "EstruturaDeDados.Utilitarios", "src\00-Utils\EstruturaDeDados.Utilitarios\EstruturaDeDados.Utilitarios.csproj", "{A8F2A970-1FC5-4927-9DCF-BB86FB240D39}"
EndProject
Project("{2150E333-8FDC-42A3-9474-1A3956D46DE8}") = "01-Arrays", "01-Arrays", "{EA99788A-2D62-48E7-8B24-82186EA5FDC1}"
EndProject
Project("{9A19103F-16F7-4668-BE54-9A1E7A4F7556}") = "EstruturaDeDados.Array01", "src\01-Arrays\EstruturaDeDados.Array01\EstruturaDeDados.Array01.csproj", "{44D2C7B5-B1B5-4BFD-801E-DAE2E0BE5D4D}"
EndProject
Project("{9A19103F-16F7-4668-BE54-9A1E7A4F7556}") = "EstruturaDeDados.Array02", "src\01-Arrays\EstruturaDeDados.Array02\EstruturaDeDados.Array02.csproj", "{A000F75A-C5B1-450F-B126-F58924605A82}"
EndProject
Project("{9A19103F-16F7-4668-BE54-9A1E7A4F7556}") = "EstruturaDeDados.Array03", "src\01-Arrays\EstruturaDeDados.Array03\EstruturaDeDados.Array03.csproj", "{BF0D123B-650C-4059-8E5B-EDE8BF2F8EEE}"
EndProject
Project("{2150E333-8FDC-42A3-9474-1A3956D46DE8}") = "02-Matriz", "02-Matriz", "{ACD76C64-82B3-4DC5-AD50-2EEDFC56F704}"
EndProject
Project("{9A19103F-16F7-4668-BE54-9A1E7A4F7556}") = "EstruturaDeDados.Matriz01", "src\02-Matriz\EstruturaDeDados.Matriz01\EstruturaDeDados.Matriz01.csproj", "{768CAD50-A083-403B-BC0A-945BFFFEFB83}"
EndProject
Project("{9A19103F-16F7-4668-BE54-9A1E7A4F7556}") = "EstruturaDeDados.Matriz02", "src\02-Matriz\EstruturaDeDados.Matriz02\EstruturaDeDados.Matriz02.csproj", "{056A3F06-74A6-4A74-85D8-2FED67929913}"
EndProject
Project("{9A19103F-16F7-4668-BE54-9A1E7A4F7556}") = "EstruturaDeDados.Matriz03", "src\02-Matriz\EstruturaDeDados.Matriz03\EstruturaDeDados.Matriz03.csproj", "{F0EE2D3D-79F6-4CF2-BDCB-DB22693D99E0}"
EndProject
Project("{2150E333-8FDC-42A3-9474-1A3956D46DE8}") = "03-Busca-Linear-Binaria", "03-Busca-Linear-Binaria", "{5D2D141F-AF61-46B2-AA64-91000859E80A}"
EndProject
Project("{9A19103F-16F7-4668-BE54-9A1E7A4F7556}") = "EstruturaDeDados.BuscaBinaria01", "src\03-Busca-Linear-Binaria\EstruturaDeDados.BuscaBinaria01\EstruturaDeDados.BuscaBinaria01.csproj", "{0A942CE2-3F11-44AC-B0CC-E2B54D430C4D}"
EndProject
Project("{9A19103F-16F7-4668-BE54-9A1E7A4F7556}") = "EstruturaDeDados.BuscaBinaria02", "src\03-Busca-Linear-Binaria\EstruturaDeDados.BuscaBinaria02\EstruturaDeDados.BuscaBinaria02.csproj", "{82FCA886-2843-4362-8D49-C0D3AA59E9FC}"
EndProject
Project("{9A19103F-16F7-4668-BE54-9A1E7A4F7556}") = "EstruturaDeDados.BuscaLinear01", "src\03-Busca-Linear-Binaria\EstruturaDeDados.BuscaLinear01\EstruturaDeDados.BuscaLinear01.csproj", "{4B4E019B-5238-48DC-AF4F-0E793DD496D5}"
EndProject
Project("{9A19103F-16F7-4668-BE54-9A1E7A4F7556}") = "EstruturaDeDados.BuscaLinear02", "src\03-Busca-Linear-Binaria\EstruturaDeDados.BuscaLinear02\EstruturaDeDados.BuscaLinear02.csproj", "{FE7D351B-8196-4B03-A57D-BDDC9980800F}"
EndProject
Global
	GlobalSection(SolutionConfigurationPlatforms) = preSolution
		Debug|Any CPU = Debug|Any CPU
		Release|Any CPU = Release|Any CPU
	EndGlobalSection
	GlobalSection(ProjectConfigurationPlatforms) = postSolution
		{A8F2A970-1FC5-4927-9DCF-BB86FB240D39}.Debug|Any CPU.ActiveCfg = Debug|Any CPU
		{A8F2A970-1FC5-4927-9DCF-BB86FB240D39}.Debug|Any CPU.Build.0 = Debug|Any CPU
		{A8F2A970-1FC5-4927-9DCF-BB86FB240D39}.Release|Any CPU.ActiveCfg = Release|Any CPU
		{A8F2A970-1FC5-4927-9DCF-BB86FB240D39}.Release|Any CPU.Build.0 = Release|Any CPU
		{44D2C7B5-B1B5-4BFD-801E-DAE2E0BE5D4D}.Debug|Any CPU.ActiveCfg = Debug|Any CPU
		{44D2C7B5-B1B5-4BFD-801E-DAE2E0BE5D4D}.Debug|Any CPU.Build.0 = Debug|Any CPU
		{44D2C7B5-B1B5-4BFD-801E-DAE2E0BE5D4D}.Release|Any CPU.ActiveCfg = Release|Any CPU
		{44D2C7B5-B1B5-4BFD-801E-DAE2E0BE5D4D}.Release|Any CPU.Build.0 = Release|Any CPU
		{A000F75A-C5B1-450F-B126-F58924605A82}.Debug|Any CPU.ActiveCfg = Debug|Any CPU
		{A000F75A-C5B1-450F-B126-F58924605A82}.Debug|Any CPU.Build.0 = Debug|Any CPU
		{A000F75A-C5B1-450F-B126-F58924605A82}.Release|Any CPU.ActiveCfg = Release|Any CPU
		{A000F75A-C5B1-450F-B126-F58924605A82}.Release|Any CPU.Build.0 = Release|Any CPU
		{BF0D123B-650C-4059-8E5B-EDE8BF2F8EEE}.Debug|Any CPU.ActiveCfg = Debug|Any CPU
		{BF0D123B-650C-4059-8E5B-EDE8BF2F8EEE}.Debug|Any CPU.Build.0 = Debug|Any CPU
		{BF0D123B-650C-4059-8E5B-EDE8BF2F8EEE}.Release|Any CPU.ActiveCfg = Release|Any CPU
		{BF0D123B-650C-4059-8E5B-EDE8BF2F8EEE}.Release|Any CPU.Build.0 = Release|Any CPU
		{768CAD50-A083-403B-BC0A-945BFFFEFB83}.Debug|Any CPU.ActiveCfg = Debug|Any CPU
		{768CAD50-A083-403B-BC0A-945BFFFEFB83}.Debug|Any CPU.Build.0 = Debug|Any CPU
		{768CAD50-A083-403B-BC0A-945BFFFEFB83}.Release|Any CPU.ActiveCfg = Release|Any CPU
		{768CAD50-A083-403B-BC0A-945BFFFEFB83}.Release|Any CPU.Build.0 = Release|Any CPU
		{056A3F06-74A6-4A74-85D8-2FED67929913}.Debug|Any CPU.ActiveCfg = Debug|Any CPU
		{056A3F06-74A6-4A74-85D8-2FED67929913}.Debug|Any CPU.Build.0 = Debug|Any CPU
		{056A3F06-74A6-4A74-85D8-2FED67929913}.Release|Any CPU.ActiveCfg = Release|Any CPU
		{056A3F06-74A6-4A74-85D8-2FED67929913}.Release|Any CPU.Build.0 = Release|Any CPU
		{F0EE2D3D-79F6-4CF2-BDCB-DB22693D99E0}.Debug|Any CPU.ActiveCfg = Debug|Any CPU
		{F0EE2D3D-79F6-4CF2-BDCB-DB22693D99E0}.Debug|Any CPU.Build.0 = Debug|Any CPU
		{F0EE2D3D-79F6-4CF2-BDCB-DB22693D99E0}.Release|Any CPU.ActiveCfg = Release|Any CPU
		{F0EE2D3D-79F6-4CF2-BDCB-DB22693D99E0}.Release|Any CPU.Build.0 = Release|Any CPU
		{0A942CE2-3F11-44AC-B0CC-E2B54D430C4D}.Debug|Any CPU.ActiveCfg = Debug|Any CPU
		{0A942CE2-3F11-44AC-B0CC-E2B54D430C4D}.Debug|Any CPU.Build.0 = Debug|Any CPU
		{0A942CE2-3F11-44AC-B0CC-E2B54D430C4D}.Release|Any CPU.ActiveCfg = Release|Any CPU
		{0A942CE2-3F11-44AC-B0CC-E2B54D430C4D}.Release|Any CPU.Build.0 = Release|Any CPU
		{82FCA886-2843-4362-8D49-C0D3AA59E9FC}.Debug|Any CPU.ActiveCfg = Debug|Any CPU
		{82FCA886-2843-4362-8D49-C0D3AA59E9FC}.Debug|Any CPU.Build.0 = Debug|Any CPU
		{82FCA886-2843-4362-8D49-C0D3AA59E9FC}.Release|Any CPU.ActiveCfg = Release|Any CPU
		{82FCA886-2843-4362-8D49-C0D3AA59E9FC}.Release|Any CPU.Build.0 = Release|Any CPU
		{4B4E019B-5238-48DC-AF4F-0E793DD496D5}.Debug|Any CPU.ActiveCfg = Debug|Any CPU
		{4B4E019B-5238-48DC-AF4F-0E793DD496D5}.Debug|Any CPU.Build.0 = Debug|Any CPU
		{4B4E019B-5238-48DC-AF4F-0E793DD496D5}.Release|Any CPU.ActiveCfg = Release|Any CPU
		{4B4E019B-5238-48DC-AF4F-0E793DD496D5}.Release|Any CPU.Build.0 = Release|Any CPU
		{FE7D351B-8196-4B03-A57D-BDDC9980800F}.Debug|Any CPU.ActiveCfg = Debug|Any CPU
		{FE7D351B-8196-4B03-A57D-BDDC9980800F}.Debug|Any CPU.Build.0 = Debug|Any CPU
		{FE7D351B-8196-4B03-A57D-BDDC9980800F}.Release|Any CPU.ActiveCfg = Release|Any CPU
		{FE7D351B-8196-4B03-A57D-BDDC9980800F}.Release|Any CPU.Build.0 = Release|Any CPU
	EndGlobalSection
	GlobalSection(SolutionProperties) = preSolution
		HideSolutionNode = FALSE
	EndGlobalSection
	GlobalSection(NestedProjects) = preSolution
		{A8F2A970-1FC5-4927-9DCF-BB86FB240D39} = {FC76C54A-7B75-40CF-AD0E-177A80CC3A7C}
		{44D2C7B5-B1B5-4BFD-801E-DAE2E0BE5D4D} = {EA99788A-2D62-48E7-8B24-82186EA5FDC1}
		{A000F75A-C5B1-450F-B126-F58924605A82} = {EA99788A-2D62-48E7-8B24-82186EA5FDC1}
		{BF0D123B-650C-4059-8E5B-EDE8BF2F8EEE} = {EA99788A-2D62-48E7-8B24-82186EA5FDC1}
		{768CAD50-A083-403B-BC0A-945BFFFEFB83} = {ACD76C64-82B3-4DC5-AD50-2EEDFC56F704}
		{056A3F06-74A6-4A74-85D8-2FED67929913} = {ACD76C64-82B3-4DC5-AD50-2EEDFC56F704}
		{F0EE2D3D-79F6-4CF2-BDCB-DB22693D99E0} = {ACD76C64-82B3-4DC5-AD50-2EEDFC56F704}
		{0A942CE2-3F11-44AC-B0CC-E2B54D430C4D} = {5D2D141F-AF61-46B2-AA64-91000859E80A}
		{82FCA886-2843-4362-8D49-C0D3AA59E9FC} = {5D2D141F-AF61-46B2-AA64-91000859E80A}
		{4B4E019B-5238-48DC-AF4F-0E793DD496D5} = {5D2D141F-AF61-46B2-AA64-91000859E80A}
		{FE7D351B-8196-4B03-A57D-BDDC9980800F} = {5D2D141F-AF61-46B2-AA64-91000859E80A}
	EndGlobalSection
	GlobalSection(ExtensibilityGlobals) = postSolution
		SolutionGuid = {44EB905E-3A9C-40A2-9583-F585F2A914F2}
	EndGlobalSection
EndGlobal
