
Microsoft Visual Studio Solution File, Format Version 12.00
# Visual Studio Version 17
VisualStudioVersion = 17.9.34607.119
MinimumVisualStudioVersion = 10.0.40219.1
Project("{2150E333-8FDC-42A3-9474-1A3956D46DE8}") = "00-Utils", "00-Utils", "{FC76C54A-7B75-40CF-AD0E-177A80CC3A7C}"
EndProject
Project("{FAE04EC0-301F-11D3-BF4B-00C04F79EFBC}") = "EstruturaDeDados.Utilitarios", "src\00-Utils\EstruturaDeDados.Utilitarios\EstruturaDeDados.Utilitarios.csproj", "{A8F2A970-1FC5-4927-9DCF-BB86FB240D39}"
EndProject
Project("{2150E333-8FDC-42A3-9474-1A3956D46DE8}") = "01-Arrays", "01-Arrays", "{EA99788A-2D62-48E7-8B24-82186EA5FDC1}"
EndProject
Project("{FAE04EC0-301F-11D3-BF4B-00C04F79EFBC}") = "EstruturaDeDados.Array01", "src\01-Arrays\EstruturaDeDados.Array01\EstruturaDeDados.Array01.csproj", "{44D2C7B5-B1B5-4BFD-801E-DAE2E0BE5D4D}"
EndProject
Global
	GlobalSection(SolutionConfigurationPlatforms) = preSolution
		Debug|Any CPU = Debug|Any CPU
		Release|Any CPU = Release|Any CPU
	EndGlobalSection
	GlobalSection(ProjectConfigurationPlatforms) = postSolution
		{A8F2A970-1FC5-4927-9DCF-BB86FB240D39}.Debug|Any CPU.ActiveCfg = Debug|Any CPU
		{A8F2A970-1FC5-4927-9DCF-BB86FB240D39}.Debug|Any CPU.Build.0 = Debug|Any CPU
		{A8F2A970-1FC5-4927-9DCF-BB86FB240D39}.Release|Any CPU.ActiveCfg = Release|Any CPU
		{A8F2A970-1FC5-4927-9DCF-BB86FB240D39}.Release|Any CPU.Build.0 = Release|Any CPU
		{44D2C7B5-B1B5-4BFD-801E-DAE2E0BE5D4D}.Debug|Any CPU.ActiveCfg = Debug|Any CPU
		{44D2C7B5-B1B5-4BFD-801E-DAE2E0BE5D4D}.Debug|Any CPU.Build.0 = Debug|Any CPU
		{44D2C7B5-B1B5-4BFD-801E-DAE2E0BE5D4D}.Release|Any CPU.ActiveCfg = Release|Any CPU
		{44D2C7B5-B1B5-4BFD-801E-DAE2E0BE5D4D}.Release|Any CPU.Build.0 = Release|Any CPU
	EndGlobalSection
	GlobalSection(SolutionProperties) = preSolution
		HideSolutionNode = FALSE
	EndGlobalSection
	GlobalSection(NestedProjects) = preSolution
		{A8F2A970-1FC5-4927-9DCF-BB86FB240D39} = {FC76C54A-7B75-40CF-AD0E-177A80CC3A7C}
		{44D2C7B5-B1B5-4BFD-801E-DAE2E0BE5D4D} = {EA99788A-2D62-48E7-8B24-82186EA5FDC1}
	EndGlobalSection
	GlobalSection(ExtensibilityGlobals) = postSolution
		SolutionGuid = {44EB905E-3A9C-40A2-9583-F585F2A914F2}
	EndGlobalSection
EndGlobal
